
Microsoft Visual Studio Solution File, Format Version 12.00
# Visual Studio Version 16
VisualStudioVersion = 16.0.810.16
MinimumVisualStudioVersion = 10.0.40219.1
Project("{FAE04EC0-301F-11D3-BF4B-00C04F79EFBC}") = "mission3", "mission3\mission3.csproj", "{FDE5266B-9C58-4341-BA04-2A794DB1AEE2}"
EndProject
Global
	GlobalSection(SolutionConfigurationPlatforms) = preSolution
		Debug|Any CPU = Debug|Any CPU
		Release|Any CPU = Release|Any CPU
	EndGlobalSection
	GlobalSection(ProjectConfigurationPlatforms) = postSolution
		{FDE5266B-9C58-4341-BA04-2A794DB1AEE2}.Debug|Any CPU.ActiveCfg = Debug|Any CPU
		{FDE5266B-9C58-4341-BA04-2A794DB1AEE2}.Debug|Any CPU.Build.0 = Debug|Any CPU
		{FDE5266B-9C58-4341-BA04-2A794DB1AEE2}.Release|Any CPU.ActiveCfg = Release|Any CPU
		{FDE5266B-9C58-4341-BA04-2A794DB1AEE2}.Release|Any CPU.Build.0 = Release|Any CPU
	EndGlobalSection
	GlobalSection(SolutionProperties) = preSolution
		HideSolutionNode = FALSE
	EndGlobalSection
	GlobalSection(ExtensibilityGlobals) = postSolution
		SolutionGuid = {E11910F6-0126-477F-AC75-2C5F2002CC26}
	EndGlobalSection
EndGlobal
